{
    "_readme": [
        "This file locks the dependencies of your project to a known state",
        "Read more about it at https://getcomposer.org/doc/01-basic-usage.md#installing-dependencies",
        "This file is @generated automatically"
    ],
    "content-hash": "058584c9f00e5e0c5dddf2d126393681",
    "packages": [
        {
            "name": "leonickl/pxp-core",
            "version": "v1.10.0",
            "source": {
                "type": "git",
                "url": "https://github.com/leonickl/pxp-core.git",
                "reference": "734691314b986ca3470f9e1a828c63479b16e388"
            },
            "dist": {
                "type": "zip",
                "url": "https://api.github.com/repos/leonickl/pxp-core/zipball/734691314b986ca3470f9e1a828c63479b16e388",
                "reference": "734691314b986ca3470f9e1a828c63479b16e388",
                "shasum": ""
            },
            "require-dev": {
                "laravel/pint": "^1.24"
            },
            "type": "library",
            "autoload": {
                "files": [
                    "functions.php"
                ],
                "psr-4": {
                    "PXP\\Core\\": "src/"
                }
            },
            "notification-url": "https://packagist.org/downloads/",
            "authors": [
                {
                    "name": "Leo Nickl",
                    "email": "leo@leonickl.de"
                }
            ],
            "description": "Core functionality for leonickl/pxp",
            "support": {
                "issues": "https://github.com/leonickl/pxp-core/issues",
                "source": "https://github.com/leonickl/pxp-core/tree/v1.10.0"
            },
            "time": "2025-09-23T18:45:52+00:00"
        }
    ],
    "packages-dev": [
        {
            "name": "laravel/pint",
            "version": "v1.25.1",
            "source": {
                "type": "git",
                "url": "https://github.com/laravel/pint.git",
                "reference": "5016e263f95d97670d71b9a987bd8996ade6d8d9"
            },
            "dist": {
                "type": "zip",
                "url": "https://api.github.com/repos/laravel/pint/zipball/5016e263f95d97670d71b9a987bd8996ade6d8d9",
                "reference": "5016e263f95d97670d71b9a987bd8996ade6d8d9",
                "shasum": ""
            },
            "require": {
                "ext-json": "*",
                "ext-mbstring": "*",
                "ext-tokenizer": "*",
                "ext-xml": "*",
                "php": "^8.2.0"
            },
            "require-dev": {
                "friendsofphp/php-cs-fixer": "^3.87.2",
                "illuminate/view": "^11.46.0",
                "larastan/larastan": "^3.7.1",
                "laravel-zero/framework": "^11.45.0",
                "mockery/mockery": "^1.6.12",
                "nunomaduro/termwind": "^2.3.1",
                "pestphp/pest": "^2.36.0"
            },
            "bin": [
                "builds/pint"
            ],
            "type": "project",
            "autoload": {
                "psr-4": {
                    "App\\": "app/",
                    "Database\\Seeders\\": "database/seeders/",
                    "Database\\Factories\\": "database/factories/"
                }
            },
            "notification-url": "https://packagist.org/downloads/",
            "license": [
                "MIT"
            ],
            "authors": [
                {
                    "name": "Nuno Maduro",
                    "email": "enunomaduro@gmail.com"
                }
            ],
            "description": "An opinionated code formatter for PHP.",
            "homepage": "https://laravel.com",
            "keywords": [
                "format",
                "formatter",
                "lint",
                "linter",
                "php"
            ],
            "support": {
                "issues": "https://github.com/laravel/pint/issues",
                "source": "https://github.com/laravel/pint"
            },
            "time": "2025-09-19T02:57:12+00:00"
        },
        {
            "name": "phpstan/phpstan",
            "version": "2.1.29",
            "source": {
                "type": "git",
                "url": "https://github.com/phpstan/phpstan-phar-composer-source.git",
                "reference": "git"
            },
            "dist": {
                "type": "zip",
                "url": "https://api.github.com/repos/phpstan/phpstan/zipball/d618573eed4a1b6b75e37b2e0b65ac65c885d88e",
                "reference": "d618573eed4a1b6b75e37b2e0b65ac65c885d88e",
                "shasum": ""
            },
            "require": {
                "php": "^7.4|^8.0"
            },
            "conflict": {
                "phpstan/phpstan-shim": "*"
            },
            "bin": [
                "phpstan",
                "phpstan.phar"
            ],
            "type": "library",
            "autoload": {
                "files": [
                    "bootstrap.php"
                ]
            },
            "notification-url": "https://packagist.org/downloads/",
            "license": [
                "MIT"
            ],
            "description": "PHPStan - PHP Static Analysis Tool",
            "keywords": [
                "dev",
                "static analysis"
            ],
            "support": {
                "docs": "https://phpstan.org/user-guide/getting-started",
                "forum": "https://github.com/phpstan/phpstan/discussions",
                "issues": "https://github.com/phpstan/phpstan/issues",
                "security": "https://github.com/phpstan/phpstan/security/policy",
                "source": "https://github.com/phpstan/phpstan-src"
            },
            "funding": [
                {
                    "url": "https://github.com/ondrejmirtes",
                    "type": "github"
                },
                {
                    "url": "https://github.com/phpstan",
                    "type": "github"
                }
            ],
            "time": "2025-09-25T06:58:18+00:00"
        }
    ],
    "aliases": [],
    "minimum-stability": "stable",
    "stability-flags": {},
    "prefer-stable": false,
    "prefer-lowest": false,
    "platform": {
        "ext-pdo": "*"
    },
    "platform-dev": {},
    "plugin-api-version": "2.6.0"
}
